// !$*UTF8*$!
{
	archiveVersion = 1;
	classes = {
	};
	objectVersion = 50;
	objects = {

/* Begin PBXBuildFile section */
		EAE0F7F3271BF8F30041E3B6 /* AppDelegate.swift in Sources */ = {isa = PBXBuildFile; fileRef = EAE0F7F2271BF8F30041E3B6 /* AppDelegate.swift */; };
		EAE0F7F5271BF8F30041E3B6 /* SceneDelegate.swift in Sources */ = {isa = PBXBuildFile; fileRef = EAE0F7F4271BF8F30041E3B6 /* SceneDelegate.swift */; };
		EAE0F7F7271BF8F30041E3B6 /* ViewController.swift in Sources */ = {isa = PBXBuildFile; fileRef = EAE0F7F6271BF8F30041E3B6 /* ViewController.swift */; };
		EAE0F7FA271BF8F30041E3B6 /* Main.storyboard in Resources */ = {isa = PBXBuildFile; fileRef = EAE0F7F8271BF8F30041E3B6 /* Main.storyboard */; };
		EAE0F7FC271BF8F40041E3B6 /* Assets.xcassets in Resources */ = {isa = PBXBuildFile; fileRef = EAE0F7FB271BF8F40041E3B6 /* Assets.xcassets */; };
		EAE0F7FF271BF8F40041E3B6 /* LaunchScreen.storyboard in Resources */ = {isa = PBXBuildFile; fileRef = EAE0F7FD271BF8F40041E3B6 /* LaunchScreen.storyboard */; };
		EAE0F80A271BF8F40041E3B6 /* PreworkTechFeTests.swift in Sources */ = {isa = PBXBuildFile; fileRef = EAE0F809271BF8F40041E3B6 /* PreworkTechFeTests.swift */; };
		EAE0F815271BF8F40041E3B6 /* PreworkTechFeUITests.swift in Sources */ = {isa = PBXBuildFile; fileRef = EAE0F814271BF8F40041E3B6 /* PreworkTechFeUITests.swift */; };
/* End PBXBuildFile section */

/* Begin PBXContainerItemProxy section */
		EAE0F806271BF8F40041E3B6 /* PBXContainerItemProxy */ = {
			isa = PBXContainerItemProxy;
			containerPortal = EAE0F7E7271BF8F30041E3B6 /* Project object */;
			proxyType = 1;
			remoteGlobalIDString = EAE0F7EE271BF8F30041E3B6;
			remoteInfo = PreworkTechFe;
		};
		EAE0F811271BF8F40041E3B6 /* PBXContainerItemProxy */ = {
			isa = PBXContainerItemProxy;
			containerPortal = EAE0F7E7271BF8F30041E3B6 /* Project object */;
			proxyType = 1;
			remoteGlobalIDString = EAE0F7EE271BF8F30041E3B6;
			remoteInfo = PreworkTechFe;
		};
/* End PBXContainerItemProxy section */

/* Begin PBXFileReference section */
		EAE0F7EF271BF8F30041E3B6 /* PreworkTechFe.app */ = {isa = PBXFileReference; explicitFileType = wrapper.application; includeInIndex = 0; path = PreworkTechFe.app; sourceTree = BUILT_PRODUCTS_DIR; };
		EAE0F7F2271BF8F30041E3B6 /* AppDelegate.swift */ = {isa = PBXFileReference; lastKnownFileType = sourcecode.swift; path = AppDelegate.swift; sourceTree = "<group>"; };
		EAE0F7F4271BF8F30041E3B6 /* SceneDelegate.swift */ = {isa = PBXFileReference; lastKnownFileType = sourcecode.swift; path = SceneDelegate.swift; sourceTree = "<group>"; };
		EAE0F7F6271BF8F30041E3B6 /* ViewController.swift */ = {isa = PBXFileReference; lastKnownFileType = sourcecode.swift; path = ViewController.swift; sourceTree = "<group>"; };
		EAE0F7F9271BF8F30041E3B6 /* Base */ = {isa = PBXFileReference; lastKnownFileType = file.storyboard; name = Base; path = Base.lproj/Main.storyboard; sourceTree = "<group>"; };
		EAE0F7FB271BF8F40041E3B6 /* Assets.xcassets */ = {isa = PBXFileReference; lastKnownFileType = folder.assetcatalog; path = Assets.xcassets; sourceTree = "<group>"; };
		EAE0F7FE271BF8F40041E3B6 /* Base */ = {isa = PBXFileReference; lastKnownFileType = file.storyboard; name = Base; path = Base.lproj/LaunchScreen.storyboard; sourceTree = "<group>"; };
		EAE0F800271BF8F40041E3B6 /* Info.plist */ = {isa = PBXFileReference; lastKnownFileType = text.plist.xml; path = Info.plist; sourceTree = "<group>"; };
		EAE0F805271BF8F40041E3B6 /* PreworkTechFeTests.xctest */ = {isa = PBXFileReference; explicitFileType = wrapper.cfbundle; includeInIndex = 0; path = PreworkTechFeTests.xctest; sourceTree = BUILT_PRODUCTS_DIR; };
		EAE0F809271BF8F40041E3B6 /* PreworkTechFeTests.swift */ = {isa = PBXFileReference; lastKnownFileType = sourcecode.swift; path = PreworkTechFeTests.swift; sourceTree = "<group>"; };
		EAE0F80B271BF8F40041E3B6 /* Info.plist */ = {isa = PBXFileReference; lastKnownFileType = text.plist.xml; path = Info.plist; sourceTree = "<group>"; };
		EAE0F810271BF8F40041E3B6 /* PreworkTechFeUITests.xctest */ = {isa = PBXFileReference; explicitFileType = wrapper.cfbundle; includeInIndex = 0; path = PreworkTechFeUITests.xctest; sourceTree = BUILT_PRODUCTS_DIR; };
		EAE0F814271BF8F40041E3B6 /* PreworkTechFeUITests.swift */ = {isa = PBXFileReference; lastKnownFileType = sourcecode.swift; path = PreworkTechFeUITests.swift; sourceTree = "<group>"; };
		EAE0F816271BF8F40041E3B6 /* Info.plist */ = {isa = PBXFileReference; lastKnownFileType = text.plist.xml; path = Info.plist; sourceTree = "<group>"; };
/* End PBXFileReference section */

/* Begin PBXFrameworksBuildPhase section */
		EAE0F7EC271BF8F30041E3B6 /* Frameworks */ = {
			isa = PBXFrameworksBuildPhase;
			buildActionMask = 2147483647;
			files = (
			);
			runOnlyForDeploymentPostprocessing = 0;
		};
		EAE0F802271BF8F40041E3B6 /* Frameworks */ = {
			isa = PBXFrameworksBuildPhase;
			buildActionMask = 2147483647;
			files = (
			);
			runOnlyForDeploymentPostprocessing = 0;
		};
		EAE0F80D271BF8F40041E3B6 /* Frameworks */ = {
			isa = PBXFrameworksBuildPhase;
			buildActionMask = 2147483647;
			files = (
			);
			runOnlyForDeploymentPostprocessing = 0;
		};
/* End PBXFrameworksBuildPhase section */

/* Begin PBXGroup section */
		EAE0F7E6271BF8F30041E3B6 = {
			isa = PBXGroup;
			children = (
				EAE0F7F1271BF8F30041E3B6 /* PreworkTechFe */,
				EAE0F808271BF8F40041E3B6 /* PreworkTechFeTests */,
				EAE0F813271BF8F40041E3B6 /* PreworkTechFeUITests */,
				EAE0F7F0271BF8F30041E3B6 /* Products */,
			);
			sourceTree = "<group>";
		};
		EAE0F7F0271BF8F30041E3B6 /* Products */ = {
			isa = PBXGroup;
			children = (
				EAE0F7EF271BF8F30041E3B6 /* PreworkTechFe.app */,
				EAE0F805271BF8F40041E3B6 /* PreworkTechFeTests.xctest */,
				EAE0F810271BF8F40041E3B6 /* PreworkTechFeUITests.xctest */,
			);
			name = Products;
			sourceTree = "<group>";
		};
		EAE0F7F1271BF8F30041E3B6 /* PreworkTechFe */ = {
			isa = PBXGroup;
			children = (
				EAE0F7F2271BF8F30041E3B6 /* AppDelegate.swift */,
				EAE0F7F4271BF8F30041E3B6 /* SceneDelegate.swift */,
				EAE0F7F6271BF8F30041E3B6 /* ViewController.swift */,
				EAE0F7F8271BF8F30041E3B6 /* Main.storyboard */,
				EAE0F7FB271BF8F40041E3B6 /* Assets.xcassets */,
				EAE0F7FD271BF8F40041E3B6 /* LaunchScreen.storyboard */,
				EAE0F800271BF8F40041E3B6 /* Info.plist */,
			);
			path = PreworkTechFe;
			sourceTree = "<group>";
		};
		EAE0F808271BF8F40041E3B6 /* PreworkTechFeTests */ = {
			isa = PBXGroup;
			children = (
				EAE0F809271BF8F40041E3B6 /* PreworkTechFeTests.swift */,
				EAE0F80B271BF8F40041E3B6 /* Info.plist */,
			);
			path = PreworkTechFeTests;
			sourceTree = "<group>";
		};
		EAE0F813271BF8F40041E3B6 /* PreworkTechFeUITests */ = {
			isa = PBXGroup;
			children = (
				EAE0F814271BF8F40041E3B6 /* PreworkTechFeUITests.swift */,
				EAE0F816271BF8F40041E3B6 /* Info.plist */,
			);
			path = PreworkTechFeUITests;
			sourceTree = "<group>";
		};
/* End PBXGroup section */

/* Begin PBXNativeTarget section */
		EAE0F7EE271BF8F30041E3B6 /* PreworkTechFe */ = {
			isa = PBXNativeTarget;
			buildConfigurationList = EAE0F819271BF8F40041E3B6 /* Build configuration list for PBXNativeTarget "PreworkTechFe" */;
			buildPhases = (
				EAE0F7EB271BF8F30041E3B6 /* Sources */,
				EAE0F7EC271BF8F30041E3B6 /* Frameworks */,
				EAE0F7ED271BF8F30041E3B6 /* Resources */,
			);
			buildRules = (
			);
			dependencies = (
			);
			name = PreworkTechFe;
			productName = PreworkTechFe;
			productReference = EAE0F7EF271BF8F30041E3B6 /* PreworkTechFe.app */;
			productType = "com.apple.product-type.application";
		};
		EAE0F804271BF8F40041E3B6 /* PreworkTechFeTests */ = {
			isa = PBXNativeTarget;
			buildConfigurationList = EAE0F81C271BF8F40041E3B6 /* Build configuration list for PBXNativeTarget "PreworkTechFeTests" */;
			buildPhases = (
				EAE0F801271BF8F40041E3B6 /* Sources */,
				EAE0F802271BF8F40041E3B6 /* Frameworks */,
				EAE0F803271BF8F40041E3B6 /* Resources */,
			);
			buildRules = (
			);
			dependencies = (
				EAE0F807271BF8F40041E3B6 /* PBXTargetDependency */,
			);
			name = PreworkTechFeTests;
			productName = PreworkTechFeTests;
			productReference = EAE0F805271BF8F40041E3B6 /* PreworkTechFeTests.xctest */;
			productType = "com.apple.product-type.bundle.unit-test";
		};
		EAE0F80F271BF8F40041E3B6 /* PreworkTechFeUITests */ = {
			isa = PBXNativeTarget;
			buildConfigurationList = EAE0F81F271BF8F40041E3B6 /* Build configuration list for PBXNativeTarget "PreworkTechFeUITests" */;
			buildPhases = (
				EAE0F80C271BF8F40041E3B6 /* Sources */,
				EAE0F80D271BF8F40041E3B6 /* Frameworks */,
				EAE0F80E271BF8F40041E3B6 /* Resources */,
			);
			buildRules = (
			);
			dependencies = (
				EAE0F812271BF8F40041E3B6 /* PBXTargetDependency */,
			);
			name = PreworkTechFeUITests;
			productName = PreworkTechFeUITests;
			productReference = EAE0F810271BF8F40041E3B6 /* PreworkTechFeUITests.xctest */;
			productType = "com.apple.product-type.bundle.ui-testing";
		};
/* End PBXNativeTarget section */

/* Begin PBXProject section */
		EAE0F7E7271BF8F30041E3B6 /* Project object */ = {
			isa = PBXProject;
			attributes = {
				LastSwiftUpdateCheck = 1250;
				LastUpgradeCheck = 1250;
				TargetAttributes = {
					EAE0F7EE271BF8F30041E3B6 = {
						CreatedOnToolsVersion = 12.5.1;
					};
					EAE0F804271BF8F40041E3B6 = {
						CreatedOnToolsVersion = 12.5.1;
						TestTargetID = EAE0F7EE271BF8F30041E3B6;
					};
					EAE0F80F271BF8F40041E3B6 = {
						CreatedOnToolsVersion = 12.5.1;
						TestTargetID = EAE0F7EE271BF8F30041E3B6;
					};
				};
			};
			buildConfigurationList = EAE0F7EA271BF8F30041E3B6 /* Build configuration list for PBXProject "PreworkTechFe" */;
			compatibilityVersion = "Xcode 9.3";
			developmentRegion = en;
			hasScannedForEncodings = 0;
			knownRegions = (
				en,
				Base,
			);
			mainGroup = EAE0F7E6271BF8F30041E3B6;
			productRefGroup = EAE0F7F0271BF8F30041E3B6 /* Products */;
			projectDirPath = "";
			projectRoot = "";
			targets = (
				EAE0F7EE271BF8F30041E3B6 /* PreworkTechFe */,
				EAE0F804271BF8F40041E3B6 /* PreworkTechFeTests */,
				EAE0F80F271BF8F40041E3B6 /* PreworkTechFeUITests */,
			);
		};
/* End PBXProject section */

/* Begin PBXResourcesBuildPhase section */
		EAE0F7ED271BF8F30041E3B6 /* Resources */ = {
			isa = PBXResourcesBuildPhase;
			buildActionMask = 2147483647;
			files = (
				EAE0F7FF271BF8F40041E3B6 /* LaunchScreen.storyboard in Resources */,
				EAE0F7FC271BF8F40041E3B6 /* Assets.xcassets in Resources */,
				EAE0F7FA271BF8F30041E3B6 /* Main.storyboard in Resources */,
			);
			runOnlyForDeploymentPostprocessing = 0;
		};
		EAE0F803271BF8F40041E3B6 /* Resources */ = {
			isa = PBXResourcesBuildPhase;
			buildActionMask = 2147483647;
			files = (
			);
			runOnlyForDeploymentPostprocessing = 0;
		};
		EAE0F80E271BF8F40041E3B6 /* Resources */ = {
			isa = PBXResourcesBuildPhase;
			buildActionMask = 2147483647;
			files = (
			);
			runOnlyForDeploymentPostprocessing = 0;
		};
/* End PBXResourcesBuildPhase section */

/* Begin PBXSourcesBuildPhase section */
		EAE0F7EB271BF8F30041E3B6 /* Sources */ = {
			isa = PBXSourcesBuildPhase;
			buildActionMask = 2147483647;
			files = (
				EAE0F7F7271BF8F30041E3B6 /* ViewController.swift in Sources */,
				EAE0F7F3271BF8F30041E3B6 /* AppDelegate.swift in Sources */,
				EAE0F7F5271BF8F30041E3B6 /* SceneDelegate.swift in Sources */,
			);
			runOnlyForDeploymentPostprocessing = 0;
		};
		EAE0F801271BF8F40041E3B6 /* Sources */ = {
			isa = PBXSourcesBuildPhase;
			buildActionMask = 2147483647;
			files = (
				EAE0F80A271BF8F40041E3B6 /* PreworkTechFeTests.swift in Sources */,
			);
			runOnlyForDeploymentPostprocessing = 0;
		};
		EAE0F80C271BF8F40041E3B6 /* Sources */ = {
			isa = PBXSourcesBuildPhase;
			buildActionMask = 2147483647;
			files = (
				EAE0F815271BF8F40041E3B6 /* PreworkTechFeUITests.swift in Sources */,
			);
			runOnlyForDeploymentPostprocessing = 0;
		};
/* End PBXSourcesBuildPhase section */

/* Begin PBXTargetDependency section */
		EAE0F807271BF8F40041E3B6 /* PBXTargetDependency */ = {
			isa = PBXTargetDependency;
			target = EAE0F7EE271BF8F30041E3B6 /* PreworkTechFe */;
			targetProxy = EAE0F806271BF8F40041E3B6 /* PBXContainerItemProxy */;
		};
		EAE0F812271BF8F40041E3B6 /* PBXTargetDependency */ = {
			isa = PBXTargetDependency;
			target = EAE0F7EE271BF8F30041E3B6 /* PreworkTechFe */;
			targetProxy = EAE0F811271BF8F40041E3B6 /* PBXContainerItemProxy */;
		};
/* End PBXTargetDependency section */

/* Begin PBXVariantGroup section */
		EAE0F7F8271BF8F30041E3B6 /* Main.storyboard */ = {
			isa = PBXVariantGroup;
			children = (
				EAE0F7F9271BF8F30041E3B6 /* Base */,
			);
			name = Main.storyboard;
			sourceTree = "<group>";
		};
		EAE0F7FD271BF8F40041E3B6 /* LaunchScreen.storyboard */ = {
			isa = PBXVariantGroup;
			children = (
				EAE0F7FE271BF8F40041E3B6 /* Base */,
			);
			name = LaunchScreen.storyboard;
			sourceTree = "<group>";
		};
/* End PBXVariantGroup section */

/* Begin XCBuildConfiguration section */
		EAE0F817271BF8F40041E3B6 /* Debug */ = {
			isa = XCBuildConfiguration;
			buildSettings = {
				ALWAYS_SEARCH_USER_PATHS = NO;
				CLANG_ANALYZER_NONNULL = YES;
				CLANG_ANALYZER_NUMBER_OBJECT_CONVERSION = YES_AGGRESSIVE;
				CLANG_CXX_LANGUAGE_STANDARD = "gnu++14";
				CLANG_CXX_LIBRARY = "libc++";
				CLANG_ENABLE_MODULES = YES;
				CLANG_ENABLE_OBJC_ARC = YES;
				CLANG_ENABLE_OBJC_WEAK = YES;
				CLANG_WARN_BLOCK_CAPTURE_AUTORELEASING = YES;
				CLANG_WARN_BOOL_CONVERSION = YES;
				CLANG_WARN_COMMA = YES;
				CLANG_WARN_CONSTANT_CONVERSION = YES;
				CLANG_WARN_DEPRECATED_OBJC_IMPLEMENTATIONS = YES;
				CLANG_WARN_DIRECT_OBJC_ISA_USAGE = YES_ERROR;
				CLANG_WARN_DOCUMENTATION_COMMENTS = YES;
				CLANG_WARN_EMPTY_BODY = YES;
				CLANG_WARN_ENUM_CONVERSION = YES;
				CLANG_WARN_INFINITE_RECURSION = YES;
				CLANG_WARN_INT_CONVERSION = YES;
				CLANG_WARN_NON_LITERAL_NULL_CONVERSION = YES;
				CLANG_WARN_OBJC_IMPLICIT_RETAIN_SELF = YES;
				CLANG_WARN_OBJC_LITERAL_CONVERSION = YES;
				CLANG_WARN_OBJC_ROOT_CLASS = YES_ERROR;
				CLANG_WARN_QUOTED_INCLUDE_IN_FRAMEWORK_HEADER = YES;
				CLANG_WARN_RANGE_LOOP_ANALYSIS = YES;
				CLANG_WARN_STRICT_PROTOTYPES = YES;
				CLANG_WARN_SUSPICIOUS_MOVE = YES;
				CLANG_WARN_UNGUARDED_AVAILABILITY = YES_AGGRESSIVE;
				CLANG_WARN_UNREACHABLE_CODE = YES;
				CLANG_WARN__DUPLICATE_METHOD_MATCH = YES;
				COPY_PHASE_STRIP = NO;
				DEBUG_INFORMATION_FORMAT = dwarf;
				ENABLE_STRICT_OBJC_MSGSEND = YES;
				ENABLE_TESTABILITY = YES;
				GCC_C_LANGUAGE_STANDARD = gnu11;
				GCC_DYNAMIC_NO_PIC = NO;
				GCC_NO_COMMON_BLOCKS = YES;
				GCC_OPTIMIZATION_LEVEL = 0;
				GCC_PREPROCESSOR_DEFINITIONS = (
					"DEBUG=1",
					"$(inherited)",
				);
				GCC_WARN_64_TO_32_BIT_CONVERSION = YES;
				GCC_WARN_ABOUT_RETURN_TYPE = YES_ERROR;
				GCC_WARN_UNDECLARED_SELECTOR = YES;
				GCC_WARN_UNINITIALIZED_AUTOS = YES_AGGRESSIVE;
				GCC_WARN_UNUSED_FUNCTION = YES;
				GCC_WARN_UNUSED_VARIABLE = YES;
				IPHONEOS_DEPLOYMENT_TARGET = 14.5;
				MTL_ENABLE_DEBUG_INFO = INCLUDE_SOURCE;
				MTL_FAST_MATH = YES;
				ONLY_ACTIVE_ARCH = YES;
				SDKROOT = iphoneos;
				SWIFT_ACTIVE_COMPILATION_CONDITIONS = DEBUG;
				SWIFT_OPTIMIZATION_LEVEL = "-Onone";
			};
			name = Debug;
		};
		EAE0F818271BF8F40041E3B6 /* Release */ = {
			isa = XCBuildConfiguration;
			buildSettings = {
				ALWAYS_SEARCH_USER_PATHS = NO;
				CLANG_ANALYZER_NONNULL = YES;
				CLANG_ANALYZER_NUMBER_OBJECT_CONVERSION = YES_AGGRESSIVE;
				CLANG_CXX_LANGUAGE_STANDARD = "gnu++14";
				CLANG_CXX_LIBRARY = "libc++";
				CLANG_ENABLE_MODULES = YES;
				CLANG_ENABLE_OBJC_ARC = YES;
				CLANG_ENABLE_OBJC_WEAK = YES;
				CLANG_WARN_BLOCK_CAPTURE_AUTORELEASING = YES;
				CLANG_WARN_BOOL_CONVERSION = YES;
				CLANG_WARN_COMMA = YES;
				CLANG_WARN_CONSTANT_CONVERSION = YES;
				CLANG_WARN_DEPRECATED_OBJC_IMPLEMENTATIONS = YES;
				CLANG_WARN_DIRECT_OBJC_ISA_USAGE = YES_ERROR;
				CLANG_WARN_DOCUMENTATION_COMMENTS = YES;
				CLANG_WARN_EMPTY_BODY = YES;
				CLANG_WARN_ENUM_CONVERSION = YES;
				CLANG_WARN_INFINITE_RECURSION = YES;
				CLANG_WARN_INT_CONVERSION = YES;
				CLANG_WARN_NON_LITERAL_NULL_CONVERSION = YES;
				CLANG_WARN_OBJC_IMPLICIT_RETAIN_SELF = YES;
				CLANG_WARN_OBJC_LITERAL_CONVERSION = YES;
				CLANG_WARN_OBJC_ROOT_CLASS = YES_ERROR;
				CLANG_WARN_QUOTED_INCLUDE_IN_FRAMEWORK_HEADER = YES;
				CLANG_WARN_RANGE_LOOP_ANALYSIS = YES;
				CLANG_WARN_STRICT_PROTOTYPES = YES;
				CLANG_WARN_SUSPICIOUS_MOVE = YES;
				CLANG_WARN_UNGUARDED_AVAILABILITY = YES_AGGRESSIVE;
				CLANG_WARN_UNREACHABLE_CODE = YES;
				CLANG_WARN__DUPLICATE_METHOD_MATCH = YES;
				COPY_PHASE_STRIP = NO;
				DEBUG_INFORMATION_FORMAT = "dwarf-with-dsym";
				ENABLE_NS_ASSERTIONS = NO;
				ENABLE_STRICT_OBJC_MSGSEND = YES;
				GCC_C_LANGUAGE_STANDARD = gnu11;
				GCC_NO_COMMON_BLOCKS = YES;
				GCC_WARN_64_TO_32_BIT_CONVERSION = YES;
				GCC_WARN_ABOUT_RETURN_TYPE = YES_ERROR;
				GCC_WARN_UNDECLARED_SELECTOR = YES;
				GCC_WARN_UNINITIALIZED_AUTOS = YES_AGGRESSIVE;
				GCC_WARN_UNUSED_FUNCTION = YES;
				GCC_WARN_UNUSED_VARIABLE = YES;
				IPHONEOS_DEPLOYMENT_TARGET = 14.5;
				MTL_ENABLE_DEBUG_INFO = NO;
				MTL_FAST_MATH = YES;
				SDKROOT = iphoneos;
				SWIFT_COMPILATION_MODE = wholemodule;
				SWIFT_OPTIMIZATION_LEVEL = "-O";
				VALIDATE_PRODUCT = YES;
			};
			name = Release;
		};
		EAE0F81A271BF8F40041E3B6 /* Debug */ = {
			isa = XCBuildConfiguration;
			buildSettings = {
				ASSETCATALOG_COMPILER_APPICON_NAME = AppIcon;
				ASSETCATALOG_COMPILER_GLOBAL_ACCENT_COLOR_NAME = AccentColor;
				CODE_SIGN_STYLE = Automatic;
				DEVELOPMENT_TEAM = LKDDGM5MGD;
				INFOPLIST_FILE = PreworkTechFe/Info.plist;
				LD_RUNPATH_SEARCH_PATHS = (
					"$(inherited)",
					"@executable_path/Frameworks",
				);
				PRODUCT_BUNDLE_IDENTIFIER = com.anhmv09.PreworkTechFe;
				PRODUCT_NAME = "$(TARGET_NAME)";
				SWIFT_VERSION = 5.0;
				TARGETED_DEVICE_FAMILY = "1,2";
			};
			name = Debug;
		};
		EAE0F81B271BF8F40041E3B6 /* Release */ = {
			isa = XCBuildConfiguration;
			buildSettings = {
				ASSETCATALOG_COMPILER_APPICON_NAME = AppIcon;
				ASSETCATALOG_COMPILER_GLOBAL_ACCENT_COLOR_NAME = AccentColor;
				CODE_SIGN_STYLE = Automatic;
				DEVELOPMENT_TEAM = LKDDGM5MGD;
				INFOPLIST_FILE = PreworkTechFe/Info.plist;
				LD_RUNPATH_SEARCH_PATHS = (
					"$(inherited)",
					"@executable_path/Frameworks",
				);
				PRODUCT_BUNDLE_IDENTIFIER = com.anhmv09.PreworkTechFe;
				PRODUCT_NAME = "$(TARGET_NAME)";
				SWIFT_VERSION = 5.0;
				TARGETED_DEVICE_FAMILY = "1,2";
			};
			name = Release;
		};
		EAE0F81D271BF8F40041E3B6 /* Debug */ = {
			isa = XCBuildConfiguration;
			buildSettings = {
				ALWAYS_EMBED_SWIFT_STANDARD_LIBRARIES = YES;
				BUNDLE_LOADER = "$(TEST_HOST)";
				CODE_SIGN_STYLE = Automatic;
				DEVELOPMENT_TEAM = LKDDGM5MGD;
				INFOPLIST_FILE = PreworkTechFeTests/Info.plist;
				IPHONEOS_DEPLOYMENT_TARGET = 14.5;
				LD_RUNPATH_SEARCH_PATHS = (
					"$(inherited)",
					"@executable_path/Frameworks",
					"@loader_path/Frameworks",
				);
				PRODUCT_BUNDLE_IDENTIFIER = com.anhmv09.PreworkTechFeTests;
				PRODUCT_NAME = "$(TARGET_NAME)";
				SWIFT_VERSION = 5.0;
				TARGETED_DEVICE_FAMILY = "1,2";
				TEST_HOST = "$(BUILT_PRODUCTS_DIR)/PreworkTechFe.app/PreworkTechFe";
			};
			name = Debug;
		};
		EAE0F81E271BF8F40041E3B6 /* Release */ = {
			isa = XCBuildConfiguration;
			buildSettings = {
				ALWAYS_EMBED_SWIFT_STANDARD_LIBRARIES = YES;
				BUNDLE_LOADER = "$(TEST_HOST)";
				CODE_SIGN_STYLE = Automatic;
				DEVELOPMENT_TEAM = LKDDGM5MGD;
				INFOPLIST_FILE = PreworkTechFeTests/Info.plist;
				IPHONEOS_DEPLOYMENT_TARGET = 14.5;
				LD_RUNPATH_SEARCH_PATHS = (
					"$(inherited)",
					"@executable_path/Frameworks",
					"@loader_path/Frameworks",
				);
				PRODUCT_BUNDLE_IDENTIFIER = com.anhmv09.PreworkTechFeTests;
				PRODUCT_NAME = "$(TARGET_NAME)";
				SWIFT_VERSION = 5.0;
				TARGETED_DEVICE_FAMILY = "1,2";
				TEST_HOST = "$(BUILT_PRODUCTS_DIR)/PreworkTechFe.app/PreworkTechFe";
			};
			name = Release;
		};
		EAE0F820271BF8F40041E3B6 /* Debug */ = {
			isa = XCBuildConfiguration;
			buildSettings = {
				ALWAYS_EMBED_SWIFT_STANDARD_LIBRARIES = YES;
				CODE_SIGN_STYLE = Automatic;
				DEVELOPMENT_TEAM = LKDDGM5MGD;
				INFOPLIST_FILE = PreworkTechFeUITests/Info.plist;
				LD_RUNPATH_SEARCH_PATHS = (
					"$(inherited)",
					"@executable_path/Frameworks",
					"@loader_path/Frameworks",
				);
				PRODUCT_BUNDLE_IDENTIFIER = com.anhmv09.PreworkTechFeUITests;
				PRODUCT_NAME = "$(TARGET_NAME)";
				SWIFT_VERSION = 5.0;
				TARGETED_DEVICE_FAMILY = "1,2";
				TEST_TARGET_NAME = PreworkTechFe;
			};
			name = Debug;
		};
		EAE0F821271BF8F40041E3B6 /* Release */ = {
			isa = XCBuildConfiguration;
			buildSettings = {
				ALWAYS_EMBED_SWIFT_STANDARD_LIBRARIES = YES;
				CODE_SIGN_STYLE = Automatic;
				DEVELOPMENT_TEAM = LKDDGM5MGD;
				INFOPLIST_FILE = PreworkTechFeUITests/Info.plist;
				LD_RUNPATH_SEARCH_PATHS = (
					"$(inherited)",
					"@executable_path/Frameworks",
					"@loader_path/Frameworks",
				);
				PRODUCT_BUNDLE_IDENTIFIER = com.anhmv09.PreworkTechFeUITests;
				PRODUCT_NAME = "$(TARGET_NAME)";
				SWIFT_VERSION = 5.0;
				TARGETED_DEVICE_FAMILY = "1,2";
				TEST_TARGET_NAME = PreworkTechFe;
			};
			name = Release;
		};
/* End XCBuildConfiguration section */

/* Begin XCConfigurationList section */
		EAE0F7EA271BF8F30041E3B6 /* Build configuration list for PBXProject "PreworkTechFe" */ = {
			isa = XCConfigurationList;
			buildConfigurations = (
				EAE0F817271BF8F40041E3B6 /* Debug */,
				EAE0F818271BF8F40041E3B6 /* Release */,
			);
			defaultConfigurationIsVisible = 0;
			defaultConfigurationName = Release;
		};
		EAE0F819271BF8F40041E3B6 /* Build configuration list for PBXNativeTarget "PreworkTechFe" */ = {
			isa = XCConfigurationList;
			buildConfigurations = (
				EAE0F81A271BF8F40041E3B6 /* Debug */,
				EAE0F81B271BF8F40041E3B6 /* Release */,
			);
			defaultConfigurationIsVisible = 0;
			defaultConfigurationName = Release;
		};
		EAE0F81C271BF8F40041E3B6 /* Build configuration list for PBXNativeTarget "PreworkTechFeTests" */ = {
			isa = XCConfigurationList;
			buildConfigurations = (
				EAE0F81D271BF8F40041E3B6 /* Debug */,
				EAE0F81E271BF8F40041E3B6 /* Release */,
			);
			defaultConfigurationIsVisible = 0;
			defaultConfigurationName = Release;
		};
		EAE0F81F271BF8F40041E3B6 /* Build configuration list for PBXNativeTarget "PreworkTechFeUITests" */ = {
			isa = XCConfigurationList;
			buildConfigurations = (
				EAE0F820271BF8F40041E3B6 /* Debug */,
				EAE0F821271BF8F40041E3B6 /* Release */,
			);
			defaultConfigurationIsVisible = 0;
			defaultConfigurationName = Release;
		};
/* End XCConfigurationList section */
	};
	rootObject = EAE0F7E7271BF8F30041E3B6 /* Project object */;
}
